
Microsoft Visual Studio Solution File, Format Version 12.00
# Visual Studio Version 17
VisualStudioVersion = 17.11.35303.130
MinimumVisualStudioVersion = 10.0.40219.1
Project("{FAE04EC0-301F-11D3-BF4B-00C04F79EFBC}") = "OPP pz9(4)", "OPP pz9(4).csproj", "{6B618614-9625-499B-BFEB-D13950964C0C}"
EndProject
Global
	GlobalSection(SolutionConfigurationPlatforms) = preSolution
		Debug|Any CPU = Debug|Any CPU
		Release|Any CPU = Release|Any CPU
	EndGlobalSection
	GlobalSection(ProjectConfigurationPlatforms) = postSolution
		{6B618614-9625-499B-BFEB-D13950964C0C}.Debug|Any CPU.ActiveCfg = Debug|Any CPU
		{6B618614-9625-499B-BFEB-D13950964C0C}.Debug|Any CPU.Build.0 = Debug|Any CPU
		{6B618614-9625-499B-BFEB-D13950964C0C}.Release|Any CPU.ActiveCfg = Release|Any CPU
		{6B618614-9625-499B-BFEB-D13950964C0C}.Release|Any CPU.Build.0 = Release|Any CPU
	EndGlobalSection
	GlobalSection(SolutionProperties) = preSolution
		HideSolutionNode = FALSE
	EndGlobalSection
	GlobalSection(ExtensibilityGlobals) = postSolution
		SolutionGuid = {044F8401-A5D4-462B-9828-361469823D48}
	EndGlobalSection
EndGlobal
